
Microsoft Visual Studio Solution File, Format Version 12.00
# Visual Studio 2013
VisualStudioVersion = 12.0.40629.0
MinimumVisualStudioVersion = 10.0.40219.1
Project("{8BC9CEB8-8B4A-11D0-8D11-00A0C91BC942}") = "project.win32", "project.win32\project.win32.vcxproj", "{8B364CE5-3F01-4088-83C2-A19A425E4A18}"
	ProjectSection(ProjectDependencies) = postProject
		{0F0BCFDD-56E8-4A1E-9FB4-E6A7343EC563} = {0F0BCFDD-56E8-4A1E-9FB4-E6A7343EC563}
	EndProjectSection
EndProject
Project("{8BC9CEB8-8B4A-11D0-8D11-00A0C91BC942}") = "DsdlEngine", "..\dsdl-engine\dsdl-engine.vcxproj", "{0F0BCFDD-56E8-4A1E-9FB4-E6A7343EC563}"
EndProject
Global
	GlobalSection(SolutionConfigurationPlatforms) = preSolution
		Debug|Win32 = Debug|Win32
		Release|Win32 = Release|Win32
	EndGlobalSection
	GlobalSection(ProjectConfigurationPlatforms) = postSolution
		{8B364CE5-3F01-4088-83C2-A19A425E4A18}.Debug|Win32.ActiveCfg = Debug|Win32
		{8B364CE5-3F01-4088-83C2-A19A425E4A18}.Debug|Win32.Build.0 = Debug|Win32
		{8B364CE5-3F01-4088-83C2-A19A425E4A18}.Release|Win32.ActiveCfg = Release|Win32
		{8B364CE5-3F01-4088-83C2-A19A425E4A18}.Release|Win32.Build.0 = Release|Win32
		{0F0BCFDD-56E8-4A1E-9FB4-E6A7343EC563}.Debug|Win32.ActiveCfg = Debug|Win32
		{0F0BCFDD-56E8-4A1E-9FB4-E6A7343EC563}.Debug|Win32.Build.0 = Debug|Win32
		{0F0BCFDD-56E8-4A1E-9FB4-E6A7343EC563}.Release|Win32.ActiveCfg = Release|Win32
		{0F0BCFDD-56E8-4A1E-9FB4-E6A7343EC563}.Release|Win32.Build.0 = Release|Win32
	EndGlobalSection
	GlobalSection(SolutionProperties) = preSolution
		HideSolutionNode = FALSE
	EndGlobalSection
EndGlobal
