
Microsoft Visual Studio Solution File, Format Version 12.00
# Visual Studio 14
VisualStudioVersion = 14.0.24720.0
MinimumVisualStudioVersion = 10.0.40219.1
Project("{2150E333-8FDC-42A3-9474-1A3956D46DE8}") = "project.winUni", "project.winUni", "{DAF424FD-D43D-41E0-A1BD-641D68707F2C}"
EndProject
Project("{8BC9CEB8-8B4A-11D0-8D11-00A0C91BC942}") = "project.winUni.Shared", "project.winUni\project.winUni.Shared\project.winUni.Shared.vcxitems", "{C0FFFD27-0D5A-4D18-A0F2-CE3D0D1C6420}"
EndProject
Project("{8BC9CEB8-8B4A-11D0-8D11-00A0C91BC942}") = "project.winUni.Windows", "project.winUni\project.winUni.Windows\project.winUni.Windows.vcxproj", "{5167DF12-F332-4581-97FE-670EB2838F66}"
EndProject
Project("{8BC9CEB8-8B4A-11D0-8D11-00A0C91BC942}") = "project.winUni.WindowsPhone", "project.winUni\project.winUni.WindowsPhone\project.winUni.WindowsPhone.vcxproj", "{A3966801-80BF-4CE1-AFFF-7873FC1E9216}"
EndProject
Project("{8BC9CEB8-8B4A-11D0-8D11-00A0C91BC942}") = "SDL2-WinPhone81", "..\dependencies\SDL2\SDL\VisualC-WinRT\WinPhone81_VS2013\SDL-WinPhone81.vcxproj", "{48FADC0E-964D-4DAB-BCED-372E0AD19577}"
EndProject
Project("{8BC9CEB8-8B4A-11D0-8D11-00A0C91BC942}") = "SDL2-WinRT81", "..\dependencies\SDL2\SDL\VisualC-WinRT\WinRT81_VS2013\SDL-WinRT81.vcxproj", "{C8DF6173-06A1-4F56-A9BC-2002596B30E9}"
EndProject
Project("{8BC9CEB8-8B4A-11D0-8D11-00A0C91BC942}") = "jpeg-WinRT81", "..\dependencies\SDL2\SDL_image\VisualC-WinRT\WinRT81_VS2013\jpeg-WinRT81.vcxproj", "{2E908AD5-95E9-4B2D-BD6E-BA3EA4C1A2EE}"
EndProject
Project("{8BC9CEB8-8B4A-11D0-8D11-00A0C91BC942}") = "libpng-WinRT81", "..\dependencies\SDL2\SDL_image\VisualC-WinRT\WinRT81_VS2013\libpng-WinRT81.vcxproj", "{5FBDC49A-7939-40F9-B78E-975F190ADBD3}"
EndProject
Project("{8BC9CEB8-8B4A-11D0-8D11-00A0C91BC942}") = "libwebp-WinRT81", "..\dependencies\SDL2\SDL_image\VisualC-WinRT\WinRT81_VS2013\libwebp-WinRT81.vcxproj", "{1EB035A3-815A-4382-90D3-4510AB605AD9}"
EndProject
Project("{8BC9CEB8-8B4A-11D0-8D11-00A0C91BC942}") = "SDL2_image-WinRT81", "..\dependencies\SDL2\SDL_image\VisualC-WinRT\WinRT81_VS2013\SDL_image-WinRT81.vcxproj", "{29B4D11F-59F3-4EBC-A769-3BABD140DB9A}"
EndProject
Project("{8BC9CEB8-8B4A-11D0-8D11-00A0C91BC942}") = "zlib-WinRT81", "..\dependencies\SDL2\SDL_image\VisualC-WinRT\WinRT81_VS2013\zlib-WinRT81.vcxproj", "{ACEA4101-6F4A-44ED-9EC1-289821DAC711}"
EndProject
Project("{8BC9CEB8-8B4A-11D0-8D11-00A0C91BC942}") = "jpeg-WinPhone81", "..\dependencies\SDL2\SDL_image\VisualC-WinRT\WinPhone81_VS2013\jpeg-WinPhone81.vcxproj", "{4F241F1F-6636-47A9-AEB2-5B5157961B51}"
EndProject
Project("{8BC9CEB8-8B4A-11D0-8D11-00A0C91BC942}") = "libpng-WinPhone81", "..\dependencies\SDL2\SDL_image\VisualC-WinRT\WinPhone81_VS2013\libpng-WinPhone81.vcxproj", "{C396C32A-1A8D-4711-A3DB-206F188FC738}"
EndProject
Project("{8BC9CEB8-8B4A-11D0-8D11-00A0C91BC942}") = "libwebp-WinPhone81", "..\dependencies\SDL2\SDL_image\VisualC-WinRT\WinPhone81_VS2013\libwebp-WinPhone81.vcxproj", "{9DC4D90A-0D6D-4150-9049-1F4358B59E06}"
EndProject
Project("{8BC9CEB8-8B4A-11D0-8D11-00A0C91BC942}") = "SDL2_image-WinPhone81", "..\dependencies\SDL2\SDL_image\VisualC-WinRT\WinPhone81_VS2013\SDL_image-WinPhone81.vcxproj", "{1444BB95-670B-4878-851B-7ED8DA0629A3}"
EndProject
Project("{8BC9CEB8-8B4A-11D0-8D11-00A0C91BC942}") = "zlib-WinPhone81", "..\dependencies\SDL2\SDL_image\VisualC-WinRT\WinPhone81_VS2013\zlib-WinPhone81.vcxproj", "{183B6F21-DD86-49A1-BA70-C97D7C404469}"
EndProject
Project("{8BC9CEB8-8B4A-11D0-8D11-00A0C91BC942}") = "libogg_dynamic-WinRT81", "..\dependencies\SDL2\SDL_mixer\VisualC-WinRT\WinRT81_VS2013\libogg_dynamic-WinRT81.vcxproj", "{6BC6349C-E355-4F1C-9290-FF755114A84B}"
EndProject
Project("{8BC9CEB8-8B4A-11D0-8D11-00A0C91BC942}") = "libvorbis_dynamic-WinRT81", "..\dependencies\SDL2\SDL_mixer\VisualC-WinRT\WinRT81_VS2013\libvorbis_dynamic-WinRT81.vcxproj", "{E3AB27F1-EB89-4C65-85DF-CB6A4F805753}"
EndProject
Project("{8BC9CEB8-8B4A-11D0-8D11-00A0C91BC942}") = "libvorbisfile_dynamic-WinRT81", "..\dependencies\SDL2\SDL_mixer\VisualC-WinRT\WinRT81_VS2013\libvorbisfile_dynamic-WinRT81.vcxproj", "{936B2819-2364-45D9-901D-52878914FAFA}"
EndProject
Project("{8BC9CEB8-8B4A-11D0-8D11-00A0C91BC942}") = "SDL2_mixer-WinRT81", "..\dependencies\SDL2\SDL_mixer\VisualC-WinRT\WinRT81_VS2013\SDL_mixer-WinRT81.vcxproj", "{3A833C7A-C776-4202-9DBD-BC879B23C605}"
EndProject
Project("{8BC9CEB8-8B4A-11D0-8D11-00A0C91BC942}") = "libogg_dynamic-WinPhone81", "..\dependencies\SDL2\SDL_mixer\VisualC-WinRT\WinPhone81_VS2013\libogg_dynamic-WinPhone81.vcxproj", "{0CCC2E56-E3A4-4CD7-92BA-0C6F99440753}"
EndProject
Project("{8BC9CEB8-8B4A-11D0-8D11-00A0C91BC942}") = "libvorbis_dynamic-WinPhone81", "..\dependencies\SDL2\SDL_mixer\VisualC-WinRT\WinPhone81_VS2013\libvorbis_dynamic-WinPhone81.vcxproj", "{C943DBC9-4EB0-4684-BE3E-334342A7EE2C}"
EndProject
Project("{8BC9CEB8-8B4A-11D0-8D11-00A0C91BC942}") = "libvorbisfile_dynamic-WinPhone81", "..\dependencies\SDL2\SDL_mixer\VisualC-WinRT\WinPhone81_VS2013\libvorbisfile_dynamic-WinPhone81.vcxproj", "{203EFCC5-CE11-4A75-92F4-C3DBF7609376}"
EndProject
Project("{8BC9CEB8-8B4A-11D0-8D11-00A0C91BC942}") = "SDL2_mixer-WinPhone81", "..\dependencies\SDL2\SDL_mixer\VisualC-WinRT\WinPhone81_VS2013\SDL_mixer-WinPhone81.vcxproj", "{FB75C3D3-D261-4575-9D17-9E88E09568BA}"
EndProject
Project("{8BC9CEB8-8B4A-11D0-8D11-00A0C91BC942}") = "freetype-WinRT81", "..\dependencies\SDL2\SDL_ttf\VisualC-WinRT\WinRT81_VS2013\freetype-WinRT81.vcxproj", "{1264471F-847F-427D-8DB6-B733F188FFB9}"
EndProject
Project("{8BC9CEB8-8B4A-11D0-8D11-00A0C91BC942}") = "SDL2_ttf-WinRT81", "..\dependencies\SDL2\SDL_ttf\VisualC-WinRT\WinRT81_VS2013\SDL_ttf-WinRT81.vcxproj", "{90CA40DC-84B4-4D06-91D1-DC82A7A1E4D0}"
EndProject
Project("{8BC9CEB8-8B4A-11D0-8D11-00A0C91BC942}") = "freetype-WinPhone81", "..\dependencies\SDL2\SDL_ttf\VisualC-WinRT\WinPhone81_VS2013\freetype-WinPhone81.vcxproj", "{7B62BBD5-2F9D-428F-A1EE-857E485592F7}"
EndProject
Project("{8BC9CEB8-8B4A-11D0-8D11-00A0C91BC942}") = "SDL2_ttf-WinPhone81", "..\dependencies\SDL2\SDL_ttf\VisualC-WinRT\WinPhone81_VS2013\SDL_ttf-WinPhone81.vcxproj", "{7EC61741-D45B-4A6E-ABA2-525E3A3F3A76}"
EndProject
Project("{8BC9CEB8-8B4A-11D0-8D11-00A0C91BC942}") = "DsdlEngine", "..\dsdl-engine\dsdl-engine.vcxproj", "{0F0BCFDD-56E8-4A1E-9FB4-E6A7343EC563}"
EndProject
Global
	GlobalSection(SharedMSBuildProjectFiles) = preSolution
		project.winUni\project.winUni.Shared\project.winUni.Shared.vcxitems*{5167df12-f332-4581-97fe-670eb2838f66}*SharedItemsImports = 4
		project.winUni\project.winUni.Shared\project.winUni.Shared.vcxitems*{c0fffd27-0d5a-4d18-a0f2-ce3d0d1c6420}*SharedItemsImports = 9
		project.winUni\project.winUni.Shared\project.winUni.Shared.vcxitems*{a3966801-80bf-4ce1-afff-7873fc1e9216}*SharedItemsImports = 4
	EndGlobalSection
	GlobalSection(SolutionConfigurationPlatforms) = preSolution
		Debug|ARM = Debug|ARM
		Debug|x64 = Debug|x64
		Debug|x86 = Debug|x86
		Release|ARM = Release|ARM
		Release|x64 = Release|x64
		Release|x86 = Release|x86
	EndGlobalSection
	GlobalSection(ProjectConfigurationPlatforms) = postSolution
		{5167DF12-F332-4581-97FE-670EB2838F66}.Debug|ARM.ActiveCfg = Debug|ARM
		{5167DF12-F332-4581-97FE-670EB2838F66}.Debug|ARM.Build.0 = Debug|ARM
		{5167DF12-F332-4581-97FE-670EB2838F66}.Debug|ARM.Deploy.0 = Debug|ARM
		{5167DF12-F332-4581-97FE-670EB2838F66}.Debug|x64.ActiveCfg = Debug|x64
		{5167DF12-F332-4581-97FE-670EB2838F66}.Debug|x64.Build.0 = Debug|x64
		{5167DF12-F332-4581-97FE-670EB2838F66}.Debug|x64.Deploy.0 = Debug|x64
		{5167DF12-F332-4581-97FE-670EB2838F66}.Debug|x86.ActiveCfg = Debug|Win32
		{5167DF12-F332-4581-97FE-670EB2838F66}.Debug|x86.Build.0 = Debug|Win32
		{5167DF12-F332-4581-97FE-670EB2838F66}.Debug|x86.Deploy.0 = Debug|Win32
		{5167DF12-F332-4581-97FE-670EB2838F66}.Release|ARM.ActiveCfg = Release|ARM
		{5167DF12-F332-4581-97FE-670EB2838F66}.Release|ARM.Build.0 = Release|ARM
		{5167DF12-F332-4581-97FE-670EB2838F66}.Release|ARM.Deploy.0 = Release|ARM
		{5167DF12-F332-4581-97FE-670EB2838F66}.Release|x64.ActiveCfg = Release|x64
		{5167DF12-F332-4581-97FE-670EB2838F66}.Release|x64.Build.0 = Release|x64
		{5167DF12-F332-4581-97FE-670EB2838F66}.Release|x64.Deploy.0 = Release|x64
		{5167DF12-F332-4581-97FE-670EB2838F66}.Release|x86.ActiveCfg = Release|Win32
		{5167DF12-F332-4581-97FE-670EB2838F66}.Release|x86.Build.0 = Release|Win32
		{5167DF12-F332-4581-97FE-670EB2838F66}.Release|x86.Deploy.0 = Release|Win32
		{A3966801-80BF-4CE1-AFFF-7873FC1E9216}.Debug|ARM.ActiveCfg = Debug|ARM
		{A3966801-80BF-4CE1-AFFF-7873FC1E9216}.Debug|ARM.Build.0 = Debug|ARM
		{A3966801-80BF-4CE1-AFFF-7873FC1E9216}.Debug|ARM.Deploy.0 = Debug|ARM
		{A3966801-80BF-4CE1-AFFF-7873FC1E9216}.Debug|x64.ActiveCfg = Debug|Win32
		{A3966801-80BF-4CE1-AFFF-7873FC1E9216}.Debug|x86.ActiveCfg = Debug|Win32
		{A3966801-80BF-4CE1-AFFF-7873FC1E9216}.Debug|x86.Build.0 = Debug|Win32
		{A3966801-80BF-4CE1-AFFF-7873FC1E9216}.Debug|x86.Deploy.0 = Debug|Win32
		{A3966801-80BF-4CE1-AFFF-7873FC1E9216}.Release|ARM.ActiveCfg = Release|ARM
		{A3966801-80BF-4CE1-AFFF-7873FC1E9216}.Release|ARM.Build.0 = Release|ARM
		{A3966801-80BF-4CE1-AFFF-7873FC1E9216}.Release|ARM.Deploy.0 = Release|ARM
		{A3966801-80BF-4CE1-AFFF-7873FC1E9216}.Release|x64.ActiveCfg = Release|Win32
		{A3966801-80BF-4CE1-AFFF-7873FC1E9216}.Release|x86.ActiveCfg = Release|Win32
		{A3966801-80BF-4CE1-AFFF-7873FC1E9216}.Release|x86.Build.0 = Release|Win32
		{A3966801-80BF-4CE1-AFFF-7873FC1E9216}.Release|x86.Deploy.0 = Release|Win32
		{48FADC0E-964D-4DAB-BCED-372E0AD19577}.Debug|ARM.ActiveCfg = Debug|ARM
		{48FADC0E-964D-4DAB-BCED-372E0AD19577}.Debug|ARM.Build.0 = Debug|ARM
		{48FADC0E-964D-4DAB-BCED-372E0AD19577}.Debug|x64.ActiveCfg = Debug|Win32
		{48FADC0E-964D-4DAB-BCED-372E0AD19577}.Debug|x86.ActiveCfg = Debug|Win32
		{48FADC0E-964D-4DAB-BCED-372E0AD19577}.Debug|x86.Build.0 = Debug|Win32
		{48FADC0E-964D-4DAB-BCED-372E0AD19577}.Release|ARM.ActiveCfg = Release|ARM
		{48FADC0E-964D-4DAB-BCED-372E0AD19577}.Release|ARM.Build.0 = Release|ARM
		{48FADC0E-964D-4DAB-BCED-372E0AD19577}.Release|x64.ActiveCfg = Release|Win32
		{48FADC0E-964D-4DAB-BCED-372E0AD19577}.Release|x86.ActiveCfg = Release|Win32
		{48FADC0E-964D-4DAB-BCED-372E0AD19577}.Release|x86.Build.0 = Release|Win32
		{C8DF6173-06A1-4F56-A9BC-2002596B30E9}.Debug|ARM.ActiveCfg = Debug|ARM
		{C8DF6173-06A1-4F56-A9BC-2002596B30E9}.Debug|ARM.Build.0 = Debug|ARM
		{C8DF6173-06A1-4F56-A9BC-2002596B30E9}.Debug|x64.ActiveCfg = Debug|x64
		{C8DF6173-06A1-4F56-A9BC-2002596B30E9}.Debug|x64.Build.0 = Debug|x64
		{C8DF6173-06A1-4F56-A9BC-2002596B30E9}.Debug|x86.ActiveCfg = Debug|Win32
		{C8DF6173-06A1-4F56-A9BC-2002596B30E9}.Debug|x86.Build.0 = Debug|Win32
		{C8DF6173-06A1-4F56-A9BC-2002596B30E9}.Release|ARM.ActiveCfg = Release|ARM
		{C8DF6173-06A1-4F56-A9BC-2002596B30E9}.Release|ARM.Build.0 = Release|ARM
		{C8DF6173-06A1-4F56-A9BC-2002596B30E9}.Release|x64.ActiveCfg = Release|x64
		{C8DF6173-06A1-4F56-A9BC-2002596B30E9}.Release|x64.Build.0 = Release|x64
		{C8DF6173-06A1-4F56-A9BC-2002596B30E9}.Release|x86.ActiveCfg = Release|Win32
		{C8DF6173-06A1-4F56-A9BC-2002596B30E9}.Release|x86.Build.0 = Release|Win32
		{2E908AD5-95E9-4B2D-BD6E-BA3EA4C1A2EE}.Debug|ARM.ActiveCfg = Debug|ARM
		{2E908AD5-95E9-4B2D-BD6E-BA3EA4C1A2EE}.Debug|ARM.Build.0 = Debug|ARM
		{2E908AD5-95E9-4B2D-BD6E-BA3EA4C1A2EE}.Debug|x64.ActiveCfg = Debug|x64
		{2E908AD5-95E9-4B2D-BD6E-BA3EA4C1A2EE}.Debug|x64.Build.0 = Debug|x64
		{2E908AD5-95E9-4B2D-BD6E-BA3EA4C1A2EE}.Debug|x86.ActiveCfg = Debug|Win32
		{2E908AD5-95E9-4B2D-BD6E-BA3EA4C1A2EE}.Debug|x86.Build.0 = Debug|Win32
		{2E908AD5-95E9-4B2D-BD6E-BA3EA4C1A2EE}.Release|ARM.ActiveCfg = Release|ARM
		{2E908AD5-95E9-4B2D-BD6E-BA3EA4C1A2EE}.Release|ARM.Build.0 = Release|ARM
		{2E908AD5-95E9-4B2D-BD6E-BA3EA4C1A2EE}.Release|x64.ActiveCfg = Release|x64
		{2E908AD5-95E9-4B2D-BD6E-BA3EA4C1A2EE}.Release|x64.Build.0 = Release|x64
		{2E908AD5-95E9-4B2D-BD6E-BA3EA4C1A2EE}.Release|x86.ActiveCfg = Release|Win32
		{2E908AD5-95E9-4B2D-BD6E-BA3EA4C1A2EE}.Release|x86.Build.0 = Release|Win32
		{5FBDC49A-7939-40F9-B78E-975F190ADBD3}.Debug|ARM.ActiveCfg = Debug|ARM
		{5FBDC49A-7939-40F9-B78E-975F190ADBD3}.Debug|ARM.Build.0 = Debug|ARM
		{5FBDC49A-7939-40F9-B78E-975F190ADBD3}.Debug|x64.ActiveCfg = Debug|x64
		{5FBDC49A-7939-40F9-B78E-975F190ADBD3}.Debug|x64.Build.0 = Debug|x64
		{5FBDC49A-7939-40F9-B78E-975F190ADBD3}.Debug|x86.ActiveCfg = Debug|Win32
		{5FBDC49A-7939-40F9-B78E-975F190ADBD3}.Debug|x86.Build.0 = Debug|Win32
		{5FBDC49A-7939-40F9-B78E-975F190ADBD3}.Release|ARM.ActiveCfg = Release|ARM
		{5FBDC49A-7939-40F9-B78E-975F190ADBD3}.Release|ARM.Build.0 = Release|ARM
		{5FBDC49A-7939-40F9-B78E-975F190ADBD3}.Release|x64.ActiveCfg = Release|x64
		{5FBDC49A-7939-40F9-B78E-975F190ADBD3}.Release|x64.Build.0 = Release|x64
		{5FBDC49A-7939-40F9-B78E-975F190ADBD3}.Release|x86.ActiveCfg = Release|Win32
		{5FBDC49A-7939-40F9-B78E-975F190ADBD3}.Release|x86.Build.0 = Release|Win32
		{1EB035A3-815A-4382-90D3-4510AB605AD9}.Debug|ARM.ActiveCfg = Debug|ARM
		{1EB035A3-815A-4382-90D3-4510AB605AD9}.Debug|ARM.Build.0 = Debug|ARM
		{1EB035A3-815A-4382-90D3-4510AB605AD9}.Debug|x64.ActiveCfg = Debug|x64
		{1EB035A3-815A-4382-90D3-4510AB605AD9}.Debug|x64.Build.0 = Debug|x64
		{1EB035A3-815A-4382-90D3-4510AB605AD9}.Debug|x86.ActiveCfg = Debug|Win32
		{1EB035A3-815A-4382-90D3-4510AB605AD9}.Debug|x86.Build.0 = Debug|Win32
		{1EB035A3-815A-4382-90D3-4510AB605AD9}.Release|ARM.ActiveCfg = Release|ARM
		{1EB035A3-815A-4382-90D3-4510AB605AD9}.Release|ARM.Build.0 = Release|ARM
		{1EB035A3-815A-4382-90D3-4510AB605AD9}.Release|x64.ActiveCfg = Release|x64
		{1EB035A3-815A-4382-90D3-4510AB605AD9}.Release|x64.Build.0 = Release|x64
		{1EB035A3-815A-4382-90D3-4510AB605AD9}.Release|x86.ActiveCfg = Release|Win32
		{1EB035A3-815A-4382-90D3-4510AB605AD9}.Release|x86.Build.0 = Release|Win32
		{29B4D11F-59F3-4EBC-A769-3BABD140DB9A}.Debug|ARM.ActiveCfg = Debug|ARM
		{29B4D11F-59F3-4EBC-A769-3BABD140DB9A}.Debug|ARM.Build.0 = Debug|ARM
		{29B4D11F-59F3-4EBC-A769-3BABD140DB9A}.Debug|x64.ActiveCfg = Debug|x64
		{29B4D11F-59F3-4EBC-A769-3BABD140DB9A}.Debug|x64.Build.0 = Debug|x64
		{29B4D11F-59F3-4EBC-A769-3BABD140DB9A}.Debug|x86.ActiveCfg = Debug|Win32
		{29B4D11F-59F3-4EBC-A769-3BABD140DB9A}.Debug|x86.Build.0 = Debug|Win32
		{29B4D11F-59F3-4EBC-A769-3BABD140DB9A}.Release|ARM.ActiveCfg = Release|ARM
		{29B4D11F-59F3-4EBC-A769-3BABD140DB9A}.Release|ARM.Build.0 = Release|ARM
		{29B4D11F-59F3-4EBC-A769-3BABD140DB9A}.Release|x64.ActiveCfg = Release|x64
		{29B4D11F-59F3-4EBC-A769-3BABD140DB9A}.Release|x64.Build.0 = Release|x64
		{29B4D11F-59F3-4EBC-A769-3BABD140DB9A}.Release|x86.ActiveCfg = Release|Win32
		{29B4D11F-59F3-4EBC-A769-3BABD140DB9A}.Release|x86.Build.0 = Release|Win32
		{ACEA4101-6F4A-44ED-9EC1-289821DAC711}.Debug|ARM.ActiveCfg = Debug|ARM
		{ACEA4101-6F4A-44ED-9EC1-289821DAC711}.Debug|ARM.Build.0 = Debug|ARM
		{ACEA4101-6F4A-44ED-9EC1-289821DAC711}.Debug|x64.ActiveCfg = Debug|x64
		{ACEA4101-6F4A-44ED-9EC1-289821DAC711}.Debug|x64.Build.0 = Debug|x64
		{ACEA4101-6F4A-44ED-9EC1-289821DAC711}.Debug|x86.ActiveCfg = Debug|Win32
		{ACEA4101-6F4A-44ED-9EC1-289821DAC711}.Debug|x86.Build.0 = Debug|Win32
		{ACEA4101-6F4A-44ED-9EC1-289821DAC711}.Release|ARM.ActiveCfg = Release|ARM
		{ACEA4101-6F4A-44ED-9EC1-289821DAC711}.Release|ARM.Build.0 = Release|ARM
		{ACEA4101-6F4A-44ED-9EC1-289821DAC711}.Release|x64.ActiveCfg = Release|x64
		{ACEA4101-6F4A-44ED-9EC1-289821DAC711}.Release|x64.Build.0 = Release|x64
		{ACEA4101-6F4A-44ED-9EC1-289821DAC711}.Release|x86.ActiveCfg = Release|Win32
		{ACEA4101-6F4A-44ED-9EC1-289821DAC711}.Release|x86.Build.0 = Release|Win32
		{4F241F1F-6636-47A9-AEB2-5B5157961B51}.Debug|ARM.ActiveCfg = Debug|ARM
		{4F241F1F-6636-47A9-AEB2-5B5157961B51}.Debug|ARM.Build.0 = Debug|ARM
		{4F241F1F-6636-47A9-AEB2-5B5157961B51}.Debug|x64.ActiveCfg = Debug|Win32
		{4F241F1F-6636-47A9-AEB2-5B5157961B51}.Debug|x86.ActiveCfg = Debug|Win32
		{4F241F1F-6636-47A9-AEB2-5B5157961B51}.Debug|x86.Build.0 = Debug|Win32
		{4F241F1F-6636-47A9-AEB2-5B5157961B51}.Release|ARM.ActiveCfg = Release|ARM
		{4F241F1F-6636-47A9-AEB2-5B5157961B51}.Release|ARM.Build.0 = Release|ARM
		{4F241F1F-6636-47A9-AEB2-5B5157961B51}.Release|x64.ActiveCfg = Release|Win32
		{4F241F1F-6636-47A9-AEB2-5B5157961B51}.Release|x86.ActiveCfg = Release|Win32
		{4F241F1F-6636-47A9-AEB2-5B5157961B51}.Release|x86.Build.0 = Release|Win32
		{C396C32A-1A8D-4711-A3DB-206F188FC738}.Debug|ARM.ActiveCfg = Debug|ARM
		{C396C32A-1A8D-4711-A3DB-206F188FC738}.Debug|ARM.Build.0 = Debug|ARM
		{C396C32A-1A8D-4711-A3DB-206F188FC738}.Debug|x64.ActiveCfg = Debug|Win32
		{C396C32A-1A8D-4711-A3DB-206F188FC738}.Debug|x86.ActiveCfg = Debug|Win32
		{C396C32A-1A8D-4711-A3DB-206F188FC738}.Debug|x86.Build.0 = Debug|Win32
		{C396C32A-1A8D-4711-A3DB-206F188FC738}.Release|ARM.ActiveCfg = Release|ARM
		{C396C32A-1A8D-4711-A3DB-206F188FC738}.Release|ARM.Build.0 = Release|ARM
		{C396C32A-1A8D-4711-A3DB-206F188FC738}.Release|x64.ActiveCfg = Release|Win32
		{C396C32A-1A8D-4711-A3DB-206F188FC738}.Release|x86.ActiveCfg = Release|Win32
		{C396C32A-1A8D-4711-A3DB-206F188FC738}.Release|x86.Build.0 = Release|Win32
		{9DC4D90A-0D6D-4150-9049-1F4358B59E06}.Debug|ARM.ActiveCfg = Debug|ARM
		{9DC4D90A-0D6D-4150-9049-1F4358B59E06}.Debug|ARM.Build.0 = Debug|ARM
		{9DC4D90A-0D6D-4150-9049-1F4358B59E06}.Debug|x64.ActiveCfg = Debug|Win32
		{9DC4D90A-0D6D-4150-9049-1F4358B59E06}.Debug|x86.ActiveCfg = Debug|Win32
		{9DC4D90A-0D6D-4150-9049-1F4358B59E06}.Debug|x86.Build.0 = Debug|Win32
		{9DC4D90A-0D6D-4150-9049-1F4358B59E06}.Release|ARM.ActiveCfg = Release|ARM
		{9DC4D90A-0D6D-4150-9049-1F4358B59E06}.Release|ARM.Build.0 = Release|ARM
		{9DC4D90A-0D6D-4150-9049-1F4358B59E06}.Release|x64.ActiveCfg = Release|Win32
		{9DC4D90A-0D6D-4150-9049-1F4358B59E06}.Release|x86.ActiveCfg = Release|Win32
		{9DC4D90A-0D6D-4150-9049-1F4358B59E06}.Release|x86.Build.0 = Release|Win32
		{1444BB95-670B-4878-851B-7ED8DA0629A3}.Debug|ARM.ActiveCfg = Debug|ARM
		{1444BB95-670B-4878-851B-7ED8DA0629A3}.Debug|ARM.Build.0 = Debug|ARM
		{1444BB95-670B-4878-851B-7ED8DA0629A3}.Debug|x64.ActiveCfg = Debug|Win32
		{1444BB95-670B-4878-851B-7ED8DA0629A3}.Debug|x86.ActiveCfg = Debug|Win32
		{1444BB95-670B-4878-851B-7ED8DA0629A3}.Debug|x86.Build.0 = Debug|Win32
		{1444BB95-670B-4878-851B-7ED8DA0629A3}.Release|ARM.ActiveCfg = Release|ARM
		{1444BB95-670B-4878-851B-7ED8DA0629A3}.Release|ARM.Build.0 = Release|ARM
		{1444BB95-670B-4878-851B-7ED8DA0629A3}.Release|x64.ActiveCfg = Release|Win32
		{1444BB95-670B-4878-851B-7ED8DA0629A3}.Release|x86.ActiveCfg = Release|Win32
		{1444BB95-670B-4878-851B-7ED8DA0629A3}.Release|x86.Build.0 = Release|Win32
		{183B6F21-DD86-49A1-BA70-C97D7C404469}.Debug|ARM.ActiveCfg = Debug|ARM
		{183B6F21-DD86-49A1-BA70-C97D7C404469}.Debug|ARM.Build.0 = Debug|ARM
		{183B6F21-DD86-49A1-BA70-C97D7C404469}.Debug|x64.ActiveCfg = Debug|Win32
		{183B6F21-DD86-49A1-BA70-C97D7C404469}.Debug|x86.ActiveCfg = Debug|Win32
		{183B6F21-DD86-49A1-BA70-C97D7C404469}.Debug|x86.Build.0 = Debug|Win32
		{183B6F21-DD86-49A1-BA70-C97D7C404469}.Release|ARM.ActiveCfg = Release|ARM
		{183B6F21-DD86-49A1-BA70-C97D7C404469}.Release|ARM.Build.0 = Release|ARM
		{183B6F21-DD86-49A1-BA70-C97D7C404469}.Release|x64.ActiveCfg = Release|Win32
		{183B6F21-DD86-49A1-BA70-C97D7C404469}.Release|x86.ActiveCfg = Release|Win32
		{183B6F21-DD86-49A1-BA70-C97D7C404469}.Release|x86.Build.0 = Release|Win32
		{6BC6349C-E355-4F1C-9290-FF755114A84B}.Debug|ARM.ActiveCfg = Debug|ARM
		{6BC6349C-E355-4F1C-9290-FF755114A84B}.Debug|ARM.Build.0 = Debug|ARM
		{6BC6349C-E355-4F1C-9290-FF755114A84B}.Debug|x64.ActiveCfg = Debug|x64
		{6BC6349C-E355-4F1C-9290-FF755114A84B}.Debug|x64.Build.0 = Debug|x64
		{6BC6349C-E355-4F1C-9290-FF755114A84B}.Debug|x86.ActiveCfg = Debug|Win32
		{6BC6349C-E355-4F1C-9290-FF755114A84B}.Debug|x86.Build.0 = Debug|Win32
		{6BC6349C-E355-4F1C-9290-FF755114A84B}.Release|ARM.ActiveCfg = Release|ARM
		{6BC6349C-E355-4F1C-9290-FF755114A84B}.Release|ARM.Build.0 = Release|ARM
		{6BC6349C-E355-4F1C-9290-FF755114A84B}.Release|x64.ActiveCfg = Release|x64
		{6BC6349C-E355-4F1C-9290-FF755114A84B}.Release|x64.Build.0 = Release|x64
		{6BC6349C-E355-4F1C-9290-FF755114A84B}.Release|x86.ActiveCfg = Release|Win32
		{6BC6349C-E355-4F1C-9290-FF755114A84B}.Release|x86.Build.0 = Release|Win32
		{E3AB27F1-EB89-4C65-85DF-CB6A4F805753}.Debug|ARM.ActiveCfg = Debug|ARM
		{E3AB27F1-EB89-4C65-85DF-CB6A4F805753}.Debug|ARM.Build.0 = Debug|ARM
		{E3AB27F1-EB89-4C65-85DF-CB6A4F805753}.Debug|x64.ActiveCfg = Debug|x64
		{E3AB27F1-EB89-4C65-85DF-CB6A4F805753}.Debug|x64.Build.0 = Debug|x64
		{E3AB27F1-EB89-4C65-85DF-CB6A4F805753}.Debug|x86.ActiveCfg = Debug|Win32
		{E3AB27F1-EB89-4C65-85DF-CB6A4F805753}.Debug|x86.Build.0 = Debug|Win32
		{E3AB27F1-EB89-4C65-85DF-CB6A4F805753}.Release|ARM.ActiveCfg = Release|ARM
		{E3AB27F1-EB89-4C65-85DF-CB6A4F805753}.Release|ARM.Build.0 = Release|ARM
		{E3AB27F1-EB89-4C65-85DF-CB6A4F805753}.Release|x64.ActiveCfg = Release|x64
		{E3AB27F1-EB89-4C65-85DF-CB6A4F805753}.Release|x64.Build.0 = Release|x64
		{E3AB27F1-EB89-4C65-85DF-CB6A4F805753}.Release|x86.ActiveCfg = Release|Win32
		{E3AB27F1-EB89-4C65-85DF-CB6A4F805753}.Release|x86.Build.0 = Release|Win32
		{936B2819-2364-45D9-901D-52878914FAFA}.Debug|ARM.ActiveCfg = Debug|ARM
		{936B2819-2364-45D9-901D-52878914FAFA}.Debug|ARM.Build.0 = Debug|ARM
		{936B2819-2364-45D9-901D-52878914FAFA}.Debug|x64.ActiveCfg = Debug|x64
		{936B2819-2364-45D9-901D-52878914FAFA}.Debug|x64.Build.0 = Debug|x64
		{936B2819-2364-45D9-901D-52878914FAFA}.Debug|x86.ActiveCfg = Debug|Win32
		{936B2819-2364-45D9-901D-52878914FAFA}.Debug|x86.Build.0 = Debug|Win32
		{936B2819-2364-45D9-901D-52878914FAFA}.Release|ARM.ActiveCfg = Release|ARM
		{936B2819-2364-45D9-901D-52878914FAFA}.Release|ARM.Build.0 = Release|ARM
		{936B2819-2364-45D9-901D-52878914FAFA}.Release|x64.ActiveCfg = Release|x64
		{936B2819-2364-45D9-901D-52878914FAFA}.Release|x64.Build.0 = Release|x64
		{936B2819-2364-45D9-901D-52878914FAFA}.Release|x86.ActiveCfg = Release|Win32
		{936B2819-2364-45D9-901D-52878914FAFA}.Release|x86.Build.0 = Release|Win32
		{3A833C7A-C776-4202-9DBD-BC879B23C605}.Debug|ARM.ActiveCfg = Debug|ARM
		{3A833C7A-C776-4202-9DBD-BC879B23C605}.Debug|ARM.Build.0 = Debug|ARM
		{3A833C7A-C776-4202-9DBD-BC879B23C605}.Debug|x64.ActiveCfg = Debug|x64
		{3A833C7A-C776-4202-9DBD-BC879B23C605}.Debug|x64.Build.0 = Debug|x64
		{3A833C7A-C776-4202-9DBD-BC879B23C605}.Debug|x86.ActiveCfg = Debug|Win32
		{3A833C7A-C776-4202-9DBD-BC879B23C605}.Debug|x86.Build.0 = Debug|Win32
		{3A833C7A-C776-4202-9DBD-BC879B23C605}.Release|ARM.ActiveCfg = Release|ARM
		{3A833C7A-C776-4202-9DBD-BC879B23C605}.Release|ARM.Build.0 = Release|ARM
		{3A833C7A-C776-4202-9DBD-BC879B23C605}.Release|x64.ActiveCfg = Release|x64
		{3A833C7A-C776-4202-9DBD-BC879B23C605}.Release|x64.Build.0 = Release|x64
		{3A833C7A-C776-4202-9DBD-BC879B23C605}.Release|x86.ActiveCfg = Release|Win32
		{3A833C7A-C776-4202-9DBD-BC879B23C605}.Release|x86.Build.0 = Release|Win32
		{0CCC2E56-E3A4-4CD7-92BA-0C6F99440753}.Debug|ARM.ActiveCfg = Debug|ARM
		{0CCC2E56-E3A4-4CD7-92BA-0C6F99440753}.Debug|ARM.Build.0 = Debug|ARM
		{0CCC2E56-E3A4-4CD7-92BA-0C6F99440753}.Debug|x64.ActiveCfg = Debug|Win32
		{0CCC2E56-E3A4-4CD7-92BA-0C6F99440753}.Debug|x86.ActiveCfg = Debug|Win32
		{0CCC2E56-E3A4-4CD7-92BA-0C6F99440753}.Debug|x86.Build.0 = Debug|Win32
		{0CCC2E56-E3A4-4CD7-92BA-0C6F99440753}.Release|ARM.ActiveCfg = Release|ARM
		{0CCC2E56-E3A4-4CD7-92BA-0C6F99440753}.Release|ARM.Build.0 = Release|ARM
		{0CCC2E56-E3A4-4CD7-92BA-0C6F99440753}.Release|x64.ActiveCfg = Release|Win32
		{0CCC2E56-E3A4-4CD7-92BA-0C6F99440753}.Release|x86.ActiveCfg = Release|Win32
		{0CCC2E56-E3A4-4CD7-92BA-0C6F99440753}.Release|x86.Build.0 = Release|Win32
		{C943DBC9-4EB0-4684-BE3E-334342A7EE2C}.Debug|ARM.ActiveCfg = Debug|ARM
		{C943DBC9-4EB0-4684-BE3E-334342A7EE2C}.Debug|ARM.Build.0 = Debug|ARM
		{C943DBC9-4EB0-4684-BE3E-334342A7EE2C}.Debug|x64.ActiveCfg = Debug|Win32
		{C943DBC9-4EB0-4684-BE3E-334342A7EE2C}.Debug|x86.ActiveCfg = Debug|Win32
		{C943DBC9-4EB0-4684-BE3E-334342A7EE2C}.Debug|x86.Build.0 = Debug|Win32
		{C943DBC9-4EB0-4684-BE3E-334342A7EE2C}.Release|ARM.ActiveCfg = Release|ARM
		{C943DBC9-4EB0-4684-BE3E-334342A7EE2C}.Release|ARM.Build.0 = Release|ARM
		{C943DBC9-4EB0-4684-BE3E-334342A7EE2C}.Release|x64.ActiveCfg = Release|Win32
		{C943DBC9-4EB0-4684-BE3E-334342A7EE2C}.Release|x86.ActiveCfg = Release|Win32
		{C943DBC9-4EB0-4684-BE3E-334342A7EE2C}.Release|x86.Build.0 = Release|Win32
		{203EFCC5-CE11-4A75-92F4-C3DBF7609376}.Debug|ARM.ActiveCfg = Debug|ARM
		{203EFCC5-CE11-4A75-92F4-C3DBF7609376}.Debug|ARM.Build.0 = Debug|ARM
		{203EFCC5-CE11-4A75-92F4-C3DBF7609376}.Debug|x64.ActiveCfg = Debug|Win32
		{203EFCC5-CE11-4A75-92F4-C3DBF7609376}.Debug|x86.ActiveCfg = Debug|Win32
		{203EFCC5-CE11-4A75-92F4-C3DBF7609376}.Debug|x86.Build.0 = Debug|Win32
		{203EFCC5-CE11-4A75-92F4-C3DBF7609376}.Release|ARM.ActiveCfg = Release|ARM
		{203EFCC5-CE11-4A75-92F4-C3DBF7609376}.Release|ARM.Build.0 = Release|ARM
		{203EFCC5-CE11-4A75-92F4-C3DBF7609376}.Release|x64.ActiveCfg = Release|Win32
		{203EFCC5-CE11-4A75-92F4-C3DBF7609376}.Release|x86.ActiveCfg = Release|Win32
		{203EFCC5-CE11-4A75-92F4-C3DBF7609376}.Release|x86.Build.0 = Release|Win32
		{FB75C3D3-D261-4575-9D17-9E88E09568BA}.Debug|ARM.ActiveCfg = Debug|ARM
		{FB75C3D3-D261-4575-9D17-9E88E09568BA}.Debug|ARM.Build.0 = Debug|ARM
		{FB75C3D3-D261-4575-9D17-9E88E09568BA}.Debug|x64.ActiveCfg = Debug|Win32
		{FB75C3D3-D261-4575-9D17-9E88E09568BA}.Debug|x86.ActiveCfg = Debug|Win32
		{FB75C3D3-D261-4575-9D17-9E88E09568BA}.Debug|x86.Build.0 = Debug|Win32
		{FB75C3D3-D261-4575-9D17-9E88E09568BA}.Release|ARM.ActiveCfg = Release|ARM
		{FB75C3D3-D261-4575-9D17-9E88E09568BA}.Release|ARM.Build.0 = Release|ARM
		{FB75C3D3-D261-4575-9D17-9E88E09568BA}.Release|x64.ActiveCfg = Release|Win32
		{FB75C3D3-D261-4575-9D17-9E88E09568BA}.Release|x86.ActiveCfg = Release|Win32
		{FB75C3D3-D261-4575-9D17-9E88E09568BA}.Release|x86.Build.0 = Release|Win32
		{1264471F-847F-427D-8DB6-B733F188FFB9}.Debug|ARM.ActiveCfg = Debug|ARM
		{1264471F-847F-427D-8DB6-B733F188FFB9}.Debug|ARM.Build.0 = Debug|ARM
		{1264471F-847F-427D-8DB6-B733F188FFB9}.Debug|x64.ActiveCfg = Debug|x64
		{1264471F-847F-427D-8DB6-B733F188FFB9}.Debug|x64.Build.0 = Debug|x64
		{1264471F-847F-427D-8DB6-B733F188FFB9}.Debug|x86.ActiveCfg = Debug|Win32
		{1264471F-847F-427D-8DB6-B733F188FFB9}.Debug|x86.Build.0 = Debug|Win32
		{1264471F-847F-427D-8DB6-B733F188FFB9}.Release|ARM.ActiveCfg = Release|ARM
		{1264471F-847F-427D-8DB6-B733F188FFB9}.Release|ARM.Build.0 = Release|ARM
		{1264471F-847F-427D-8DB6-B733F188FFB9}.Release|x64.ActiveCfg = Release|x64
		{1264471F-847F-427D-8DB6-B733F188FFB9}.Release|x64.Build.0 = Release|x64
		{1264471F-847F-427D-8DB6-B733F188FFB9}.Release|x86.ActiveCfg = Release|Win32
		{1264471F-847F-427D-8DB6-B733F188FFB9}.Release|x86.Build.0 = Release|Win32
		{90CA40DC-84B4-4D06-91D1-DC82A7A1E4D0}.Debug|ARM.ActiveCfg = Debug|ARM
		{90CA40DC-84B4-4D06-91D1-DC82A7A1E4D0}.Debug|ARM.Build.0 = Debug|ARM
		{90CA40DC-84B4-4D06-91D1-DC82A7A1E4D0}.Debug|x64.ActiveCfg = Debug|x64
		{90CA40DC-84B4-4D06-91D1-DC82A7A1E4D0}.Debug|x64.Build.0 = Debug|x64
		{90CA40DC-84B4-4D06-91D1-DC82A7A1E4D0}.Debug|x86.ActiveCfg = Debug|Win32
		{90CA40DC-84B4-4D06-91D1-DC82A7A1E4D0}.Debug|x86.Build.0 = Debug|Win32
		{90CA40DC-84B4-4D06-91D1-DC82A7A1E4D0}.Release|ARM.ActiveCfg = Release|ARM
		{90CA40DC-84B4-4D06-91D1-DC82A7A1E4D0}.Release|ARM.Build.0 = Release|ARM
		{90CA40DC-84B4-4D06-91D1-DC82A7A1E4D0}.Release|x64.ActiveCfg = Release|x64
		{90CA40DC-84B4-4D06-91D1-DC82A7A1E4D0}.Release|x64.Build.0 = Release|x64
		{90CA40DC-84B4-4D06-91D1-DC82A7A1E4D0}.Release|x86.ActiveCfg = Release|Win32
		{90CA40DC-84B4-4D06-91D1-DC82A7A1E4D0}.Release|x86.Build.0 = Release|Win32
		{7B62BBD5-2F9D-428F-A1EE-857E485592F7}.Debug|ARM.ActiveCfg = Debug|ARM
		{7B62BBD5-2F9D-428F-A1EE-857E485592F7}.Debug|ARM.Build.0 = Debug|ARM
		{7B62BBD5-2F9D-428F-A1EE-857E485592F7}.Debug|x64.ActiveCfg = Debug|Win32
		{7B62BBD5-2F9D-428F-A1EE-857E485592F7}.Debug|x86.ActiveCfg = Debug|Win32
		{7B62BBD5-2F9D-428F-A1EE-857E485592F7}.Debug|x86.Build.0 = Debug|Win32
		{7B62BBD5-2F9D-428F-A1EE-857E485592F7}.Release|ARM.ActiveCfg = Release|ARM
		{7B62BBD5-2F9D-428F-A1EE-857E485592F7}.Release|ARM.Build.0 = Release|ARM
		{7B62BBD5-2F9D-428F-A1EE-857E485592F7}.Release|x64.ActiveCfg = Release|Win32
		{7B62BBD5-2F9D-428F-A1EE-857E485592F7}.Release|x86.ActiveCfg = Release|Win32
		{7B62BBD5-2F9D-428F-A1EE-857E485592F7}.Release|x86.Build.0 = Release|Win32
		{7EC61741-D45B-4A6E-ABA2-525E3A3F3A76}.Debug|ARM.ActiveCfg = Debug|ARM
		{7EC61741-D45B-4A6E-ABA2-525E3A3F3A76}.Debug|ARM.Build.0 = Debug|ARM
		{7EC61741-D45B-4A6E-ABA2-525E3A3F3A76}.Debug|x64.ActiveCfg = Debug|Win32
		{7EC61741-D45B-4A6E-ABA2-525E3A3F3A76}.Debug|x86.ActiveCfg = Debug|Win32
		{7EC61741-D45B-4A6E-ABA2-525E3A3F3A76}.Debug|x86.Build.0 = Debug|Win32
		{7EC61741-D45B-4A6E-ABA2-525E3A3F3A76}.Release|ARM.ActiveCfg = Release|ARM
		{7EC61741-D45B-4A6E-ABA2-525E3A3F3A76}.Release|ARM.Build.0 = Release|ARM
		{7EC61741-D45B-4A6E-ABA2-525E3A3F3A76}.Release|x64.ActiveCfg = Release|Win32
		{7EC61741-D45B-4A6E-ABA2-525E3A3F3A76}.Release|x86.ActiveCfg = Release|Win32
		{7EC61741-D45B-4A6E-ABA2-525E3A3F3A76}.Release|x86.Build.0 = Release|Win32
		{0F0BCFDD-56E8-4A1E-9FB4-E6A7343EC563}.Debug|ARM.ActiveCfg = Debug|Win32
		{0F0BCFDD-56E8-4A1E-9FB4-E6A7343EC563}.Debug|x64.ActiveCfg = Debug|Win32
		{0F0BCFDD-56E8-4A1E-9FB4-E6A7343EC563}.Debug|x86.ActiveCfg = Debug|Win32
		{0F0BCFDD-56E8-4A1E-9FB4-E6A7343EC563}.Debug|x86.Build.0 = Debug|Win32
		{0F0BCFDD-56E8-4A1E-9FB4-E6A7343EC563}.Release|ARM.ActiveCfg = Release|Win32
		{0F0BCFDD-56E8-4A1E-9FB4-E6A7343EC563}.Release|x64.ActiveCfg = Release|Win32
		{0F0BCFDD-56E8-4A1E-9FB4-E6A7343EC563}.Release|x86.ActiveCfg = Release|Win32
		{0F0BCFDD-56E8-4A1E-9FB4-E6A7343EC563}.Release|x86.Build.0 = Release|Win32
	EndGlobalSection
	GlobalSection(SolutionProperties) = preSolution
		HideSolutionNode = FALSE
	EndGlobalSection
	GlobalSection(NestedProjects) = preSolution
		{C0FFFD27-0D5A-4D18-A0F2-CE3D0D1C6420} = {DAF424FD-D43D-41E0-A1BD-641D68707F2C}
		{5167DF12-F332-4581-97FE-670EB2838F66} = {DAF424FD-D43D-41E0-A1BD-641D68707F2C}
		{A3966801-80BF-4CE1-AFFF-7873FC1E9216} = {DAF424FD-D43D-41E0-A1BD-641D68707F2C}
	EndGlobalSection
EndGlobal
